{
  "lockfileVersion": 1,
  "workspaces": {
    "": {},
    "packages/unfinished": {
      "name": "@adbl/unfinished",
      "version": "0.0.15",
      "dependencies": {
        "@adbl/cells": "^0.0.11",
        "csstype": "^3.1.3",
      },
      "devDependencies": {
        "typescript": "^5.8.2",
      },
    },
    "packages/unfinished-ssg": {
      "name": "@adbl/unfinished-ssg",
      "version": "0.0.1",
      "dependencies": {
        "domhandler": "^5.0.3",
        "htmlparser2": "^10.0.0",
      },
      "devDependencies": {
        "typescript": "^5.8.2",
        "vite": "^5.4.14",
      },
      "peerDependencies": {
        "@adbl/unfinished": "0.0.15",
      },
    },
    "packages/unfinished-start": {
      "name": "@adbl/unfinished-start",
      "version": "0.0.4",
      "bin": {
        "scaffold": "index.js",
      },
      "dependencies": {
        "@types/node": "^22.7.5",
        "chalk": "^5.3.0",
        "inquirer": "^12.0.0",
        "ora": "^8.1.0",
        "semver": "^7.6.3",
      },
    },
  },
  "packages": {
    "@adbl/cells": ["@adbl/cells@0.0.11", "", {}, "sha512-TtqqWDHMCOxX/EYJz11zxMOyOlg/WHcy6lXwxqE8PJh6mUC08CpoyXswGn3QyRn7/kafwhZ4JjU73Z0kQ48rYA=="],

    "@adbl/unfinished": ["@adbl/unfinished@workspace:packages/unfinished"],

    "@adbl/unfinished-ssg": ["@adbl/unfinished-ssg@workspace:packages/unfinished-ssg"],

    "@adbl/unfinished-start": ["@adbl/unfinished-start@workspace:packages/unfinished-start"],

    "@esbuild/aix-ppc64": ["@esbuild/aix-ppc64@0.21.5", "", { "os": "aix", "cpu": "ppc64" }, "sha512-1SDgH6ZSPTlggy1yI6+Dbkiz8xzpHJEVAlF/AM1tHPLsf5STom9rwtjE4hKAF20FfXXNTFqEYXyJNWh1GiZedQ=="],

    "@esbuild/android-arm": ["@esbuild/android-arm@0.21.5", "", { "os": "android", "cpu": "arm" }, "sha512-vCPvzSjpPHEi1siZdlvAlsPxXl7WbOVUBBAowWug4rJHb68Ox8KualB+1ocNvT5fjv6wpkX6o/iEpbDrf68zcg=="],

    "@esbuild/android-arm64": ["@esbuild/android-arm64@0.21.5", "", { "os": "android", "cpu": "arm64" }, "sha512-c0uX9VAUBQ7dTDCjq+wdyGLowMdtR/GoC2U5IYk/7D1H1JYC0qseD7+11iMP2mRLN9RcCMRcjC4YMclCzGwS/A=="],

    "@esbuild/android-x64": ["@esbuild/android-x64@0.21.5", "", { "os": "android", "cpu": "x64" }, "sha512-D7aPRUUNHRBwHxzxRvp856rjUHRFW1SdQATKXH2hqA0kAZb1hKmi02OpYRacl0TxIGz/ZmXWlbZgjwWYaCakTA=="],

    "@esbuild/darwin-arm64": ["@esbuild/darwin-arm64@0.21.5", "", { "os": "darwin", "cpu": "arm64" }, "sha512-DwqXqZyuk5AiWWf3UfLiRDJ5EDd49zg6O9wclZ7kUMv2WRFr4HKjXp/5t8JZ11QbQfUS6/cRCKGwYhtNAY88kQ=="],

    "@esbuild/darwin-x64": ["@esbuild/darwin-x64@0.21.5", "", { "os": "darwin", "cpu": "x64" }, "sha512-se/JjF8NlmKVG4kNIuyWMV/22ZaerB+qaSi5MdrXtd6R08kvs2qCN4C09miupktDitvh8jRFflwGFBQcxZRjbw=="],

    "@esbuild/freebsd-arm64": ["@esbuild/freebsd-arm64@0.21.5", "", { "os": "freebsd", "cpu": "arm64" }, "sha512-5JcRxxRDUJLX8JXp/wcBCy3pENnCgBR9bN6JsY4OmhfUtIHe3ZW0mawA7+RDAcMLrMIZaf03NlQiX9DGyB8h4g=="],

    "@esbuild/freebsd-x64": ["@esbuild/freebsd-x64@0.21.5", "", { "os": "freebsd", "cpu": "x64" }, "sha512-J95kNBj1zkbMXtHVH29bBriQygMXqoVQOQYA+ISs0/2l3T9/kj42ow2mpqerRBxDJnmkUDCaQT/dfNXWX/ZZCQ=="],

    "@esbuild/linux-arm": ["@esbuild/linux-arm@0.21.5", "", { "os": "linux", "cpu": "arm" }, "sha512-bPb5AHZtbeNGjCKVZ9UGqGwo8EUu4cLq68E95A53KlxAPRmUyYv2D6F0uUI65XisGOL1hBP5mTronbgo+0bFcA=="],

    "@esbuild/linux-arm64": ["@esbuild/linux-arm64@0.21.5", "", { "os": "linux", "cpu": "arm64" }, "sha512-ibKvmyYzKsBeX8d8I7MH/TMfWDXBF3db4qM6sy+7re0YXya+K1cem3on9XgdT2EQGMu4hQyZhan7TeQ8XkGp4Q=="],

    "@esbuild/linux-ia32": ["@esbuild/linux-ia32@0.21.5", "", { "os": "linux", "cpu": "ia32" }, "sha512-YvjXDqLRqPDl2dvRODYmmhz4rPeVKYvppfGYKSNGdyZkA01046pLWyRKKI3ax8fbJoK5QbxblURkwK/MWY18Tg=="],

    "@esbuild/linux-loong64": ["@esbuild/linux-loong64@0.21.5", "", { "os": "linux", "cpu": "none" }, "sha512-uHf1BmMG8qEvzdrzAqg2SIG/02+4/DHB6a9Kbya0XDvwDEKCoC8ZRWI5JJvNdUjtciBGFQ5PuBlpEOXQj+JQSg=="],

    "@esbuild/linux-mips64el": ["@esbuild/linux-mips64el@0.21.5", "", { "os": "linux", "cpu": "none" }, "sha512-IajOmO+KJK23bj52dFSNCMsz1QP1DqM6cwLUv3W1QwyxkyIWecfafnI555fvSGqEKwjMXVLokcV5ygHW5b3Jbg=="],

    "@esbuild/linux-ppc64": ["@esbuild/linux-ppc64@0.21.5", "", { "os": "linux", "cpu": "ppc64" }, "sha512-1hHV/Z4OEfMwpLO8rp7CvlhBDnjsC3CttJXIhBi+5Aj5r+MBvy4egg7wCbe//hSsT+RvDAG7s81tAvpL2XAE4w=="],

    "@esbuild/linux-riscv64": ["@esbuild/linux-riscv64@0.21.5", "", { "os": "linux", "cpu": "none" }, "sha512-2HdXDMd9GMgTGrPWnJzP2ALSokE/0O5HhTUvWIbD3YdjME8JwvSCnNGBnTThKGEB91OZhzrJ4qIIxk/SBmyDDA=="],

    "@esbuild/linux-s390x": ["@esbuild/linux-s390x@0.21.5", "", { "os": "linux", "cpu": "s390x" }, "sha512-zus5sxzqBJD3eXxwvjN1yQkRepANgxE9lgOW2qLnmr8ikMTphkjgXu1HR01K4FJg8h1kEEDAqDcZQtbrRnB41A=="],

    "@esbuild/linux-x64": ["@esbuild/linux-x64@0.21.5", "", { "os": "linux", "cpu": "x64" }, "sha512-1rYdTpyv03iycF1+BhzrzQJCdOuAOtaqHTWJZCWvijKD2N5Xu0TtVC8/+1faWqcP9iBCWOmjmhoH94dH82BxPQ=="],

    "@esbuild/netbsd-x64": ["@esbuild/netbsd-x64@0.21.5", "", { "os": "none", "cpu": "x64" }, "sha512-Woi2MXzXjMULccIwMnLciyZH4nCIMpWQAs049KEeMvOcNADVxo0UBIQPfSmxB3CWKedngg7sWZdLvLczpe0tLg=="],

    "@esbuild/openbsd-x64": ["@esbuild/openbsd-x64@0.21.5", "", { "os": "openbsd", "cpu": "x64" }, "sha512-HLNNw99xsvx12lFBUwoT8EVCsSvRNDVxNpjZ7bPn947b8gJPzeHWyNVhFsaerc0n3TsbOINvRP2byTZ5LKezow=="],

    "@esbuild/sunos-x64": ["@esbuild/sunos-x64@0.21.5", "", { "os": "sunos", "cpu": "x64" }, "sha512-6+gjmFpfy0BHU5Tpptkuh8+uw3mnrvgs+dSPQXQOv3ekbordwnzTVEb4qnIvQcYXq6gzkyTnoZ9dZG+D4garKg=="],

    "@esbuild/win32-arm64": ["@esbuild/win32-arm64@0.21.5", "", { "os": "win32", "cpu": "arm64" }, "sha512-Z0gOTd75VvXqyq7nsl93zwahcTROgqvuAcYDUr+vOv8uHhNSKROyU961kgtCD1e95IqPKSQKH7tBTslnS3tA8A=="],

    "@esbuild/win32-ia32": ["@esbuild/win32-ia32@0.21.5", "", { "os": "win32", "cpu": "ia32" }, "sha512-SWXFF1CL2RVNMaVs+BBClwtfZSvDgtL//G/smwAc5oVK/UPu2Gu9tIaRgFmYFFKrmg3SyAjSrElf0TiJ1v8fYA=="],

    "@esbuild/win32-x64": ["@esbuild/win32-x64@0.21.5", "", { "os": "win32", "cpu": "x64" }, "sha512-tQd/1efJuzPC6rCFwEvLtci/xNFcTZknmXs98FYDfGE4wP9ClFV98nyKrzJKVPMhdDnjzLhdUyMX4PsQAPjwIw=="],

    "@inquirer/checkbox": ["@inquirer/checkbox@4.1.2", "", { "dependencies": { "@inquirer/core": "^10.1.7", "@inquirer/figures": "^1.0.10", "@inquirer/type": "^3.0.4", "ansi-escapes": "^4.3.2", "yoctocolors-cjs": "^2.1.2" }, "peerDependencies": { "@types/node": ">=18" }, "optionalPeers": ["@types/node"] }, "sha512-PL9ixC5YsPXzXhAZFUPmkXGxfgjkdfZdPEPPmt4kFwQ4LBMDG9n/nHXYRGGZSKZJs+d1sGKWgS2GiPzVRKUdtQ=="],

    "@inquirer/confirm": ["@inquirer/confirm@5.1.6", "", { "dependencies": { "@inquirer/core": "^10.1.7", "@inquirer/type": "^3.0.4" }, "peerDependencies": { "@types/node": ">=18" }, "optionalPeers": ["@types/node"] }, "sha512-6ZXYK3M1XmaVBZX6FCfChgtponnL0R6I7k8Nu+kaoNkT828FVZTcca1MqmWQipaW2oNREQl5AaPCUOOCVNdRMw=="],

    "@inquirer/core": ["@inquirer/core@10.1.7", "", { "dependencies": { "@inquirer/figures": "^1.0.10", "@inquirer/type": "^3.0.4", "ansi-escapes": "^4.3.2", "cli-width": "^4.1.0", "mute-stream": "^2.0.0", "signal-exit": "^4.1.0", "wrap-ansi": "^6.2.0", "yoctocolors-cjs": "^2.1.2" }, "peerDependencies": { "@types/node": ">=18" }, "optionalPeers": ["@types/node"] }, "sha512-AA9CQhlrt6ZgiSy6qoAigiA1izOa751ugX6ioSjqgJ+/Gd+tEN/TORk5sUYNjXuHWfW0r1n/a6ak4u/NqHHrtA=="],

    "@inquirer/editor": ["@inquirer/editor@4.2.7", "", { "dependencies": { "@inquirer/core": "^10.1.7", "@inquirer/type": "^3.0.4", "external-editor": "^3.1.0" }, "peerDependencies": { "@types/node": ">=18" }, "optionalPeers": ["@types/node"] }, "sha512-gktCSQtnSZHaBytkJKMKEuswSk2cDBuXX5rxGFv306mwHfBPjg5UAldw9zWGoEyvA9KpRDkeM4jfrx0rXn0GyA=="],

    "@inquirer/expand": ["@inquirer/expand@4.0.9", "", { "dependencies": { "@inquirer/core": "^10.1.7", "@inquirer/type": "^3.0.4", "yoctocolors-cjs": "^2.1.2" }, "peerDependencies": { "@types/node": ">=18" }, "optionalPeers": ["@types/node"] }, "sha512-Xxt6nhomWTAmuSX61kVgglLjMEFGa+7+F6UUtdEUeg7fg4r9vaFttUUKrtkViYYrQBA5Ia1tkOJj2koP9BuLig=="],

    "@inquirer/figures": ["@inquirer/figures@1.0.10", "", {}, "sha512-Ey6176gZmeqZuY/W/nZiUyvmb1/qInjcpiZjXWi6nON+nxJpD1bxtSoBxNliGISae32n6OwbY+TSXPZ1CfS4bw=="],

    "@inquirer/input": ["@inquirer/input@4.1.6", "", { "dependencies": { "@inquirer/core": "^10.1.7", "@inquirer/type": "^3.0.4" }, "peerDependencies": { "@types/node": ">=18" }, "optionalPeers": ["@types/node"] }, "sha512-1f5AIsZuVjPT4ecA8AwaxDFNHny/tSershP/cTvTDxLdiIGTeILNcKozB0LaYt6mojJLUbOYhpIxicaYf7UKIQ=="],

    "@inquirer/number": ["@inquirer/number@3.0.9", "", { "dependencies": { "@inquirer/core": "^10.1.7", "@inquirer/type": "^3.0.4" }, "peerDependencies": { "@types/node": ">=18" }, "optionalPeers": ["@types/node"] }, "sha512-iN2xZvH3tyIYXLXBvlVh0npk1q/aVuKXZo5hj+K3W3D4ngAEq/DkLpofRzx6oebTUhBvOgryZ+rMV0yImKnG3w=="],

    "@inquirer/password": ["@inquirer/password@4.0.9", "", { "dependencies": { "@inquirer/core": "^10.1.7", "@inquirer/type": "^3.0.4", "ansi-escapes": "^4.3.2" }, "peerDependencies": { "@types/node": ">=18" }, "optionalPeers": ["@types/node"] }, "sha512-xBEoOw1XKb0rIN208YU7wM7oJEHhIYkfG7LpTJAEW913GZeaoQerzf5U/LSHI45EVvjAdgNXmXgH51cUXKZcJQ=="],

    "@inquirer/prompts": ["@inquirer/prompts@7.3.2", "", { "dependencies": { "@inquirer/checkbox": "^4.1.2", "@inquirer/confirm": "^5.1.6", "@inquirer/editor": "^4.2.7", "@inquirer/expand": "^4.0.9", "@inquirer/input": "^4.1.6", "@inquirer/number": "^3.0.9", "@inquirer/password": "^4.0.9", "@inquirer/rawlist": "^4.0.9", "@inquirer/search": "^3.0.9", "@inquirer/select": "^4.0.9" }, "peerDependencies": { "@types/node": ">=18" }, "optionalPeers": ["@types/node"] }, "sha512-G1ytyOoHh5BphmEBxSwALin3n1KGNYB6yImbICcRQdzXfOGbuJ9Jske/Of5Sebk339NSGGNfUshnzK8YWkTPsQ=="],

    "@inquirer/rawlist": ["@inquirer/rawlist@4.0.9", "", { "dependencies": { "@inquirer/core": "^10.1.7", "@inquirer/type": "^3.0.4", "yoctocolors-cjs": "^2.1.2" }, "peerDependencies": { "@types/node": ">=18" }, "optionalPeers": ["@types/node"] }, "sha512-+5t6ebehKqgoxV8fXwE49HkSF2Rc9ijNiVGEQZwvbMI61/Q5RcD+jWD6Gs1tKdz5lkI8GRBL31iO0HjGK1bv+A=="],

    "@inquirer/search": ["@inquirer/search@3.0.9", "", { "dependencies": { "@inquirer/core": "^10.1.7", "@inquirer/figures": "^1.0.10", "@inquirer/type": "^3.0.4", "yoctocolors-cjs": "^2.1.2" }, "peerDependencies": { "@types/node": ">=18" }, "optionalPeers": ["@types/node"] }, "sha512-DWmKztkYo9CvldGBaRMr0ETUHgR86zE6sPDVOHsqz4ISe9o1LuiWfgJk+2r75acFclA93J/lqzhT0dTjCzHuoA=="],

    "@inquirer/select": ["@inquirer/select@4.0.9", "", { "dependencies": { "@inquirer/core": "^10.1.7", "@inquirer/figures": "^1.0.10", "@inquirer/type": "^3.0.4", "ansi-escapes": "^4.3.2", "yoctocolors-cjs": "^2.1.2" }, "peerDependencies": { "@types/node": ">=18" }, "optionalPeers": ["@types/node"] }, "sha512-BpJyJe7Dkhv2kz7yG7bPSbJLQuu/rqyNlF1CfiiFeFwouegfH+zh13KDyt6+d9DwucKo7hqM3wKLLyJxZMO+Xg=="],

    "@inquirer/type": ["@inquirer/type@3.0.4", "", { "peerDependencies": { "@types/node": ">=18" }, "optionalPeers": ["@types/node"] }, "sha512-2MNFrDY8jkFYc9Il9DgLsHhMzuHnOYM1+CUYVWbzu9oT0hC7V7EcYvdCKeoll/Fcci04A+ERZ9wcc7cQ8lTkIA=="],

    "@rollup/rollup-android-arm-eabi": ["@rollup/rollup-android-arm-eabi@4.34.9", "", { "os": "android", "cpu": "arm" }, "sha512-qZdlImWXur0CFakn2BJ2znJOdqYZKiedEPEVNTBrpfPjc/YuTGcaYZcdmNFTkUj3DU0ZM/AElcM8Ybww3xVLzA=="],

    "@rollup/rollup-android-arm64": ["@rollup/rollup-android-arm64@4.34.9", "", { "os": "android", "cpu": "arm64" }, "sha512-4KW7P53h6HtJf5Y608T1ISKvNIYLWRKMvfnG0c44M6In4DQVU58HZFEVhWINDZKp7FZps98G3gxwC1sb0wXUUg=="],

    "@rollup/rollup-darwin-arm64": ["@rollup/rollup-darwin-arm64@4.34.9", "", { "os": "darwin", "cpu": "arm64" }, "sha512-0CY3/K54slrzLDjOA7TOjN1NuLKERBgk9nY5V34mhmuu673YNb+7ghaDUs6N0ujXR7fz5XaS5Aa6d2TNxZd0OQ=="],

    "@rollup/rollup-darwin-x64": ["@rollup/rollup-darwin-x64@4.34.9", "", { "os": "darwin", "cpu": "x64" }, "sha512-eOojSEAi/acnsJVYRxnMkPFqcxSMFfrw7r2iD9Q32SGkb/Q9FpUY1UlAu1DH9T7j++gZ0lHjnm4OyH2vCI7l7Q=="],

    "@rollup/rollup-freebsd-arm64": ["@rollup/rollup-freebsd-arm64@4.34.9", "", { "os": "freebsd", "cpu": "arm64" }, "sha512-2lzjQPJbN5UnHm7bHIUKFMulGTQwdvOkouJDpPysJS+QFBGDJqcfh+CxxtG23Ik/9tEvnebQiylYoazFMAgrYw=="],

    "@rollup/rollup-freebsd-x64": ["@rollup/rollup-freebsd-x64@4.34.9", "", { "os": "freebsd", "cpu": "x64" }, "sha512-SLl0hi2Ah2H7xQYd6Qaiu01kFPzQ+hqvdYSoOtHYg/zCIFs6t8sV95kaoqjzjFwuYQLtOI0RZre/Ke0nPaQV+g=="],

    "@rollup/rollup-linux-arm-gnueabihf": ["@rollup/rollup-linux-arm-gnueabihf@4.34.9", "", { "os": "linux", "cpu": "arm" }, "sha512-88I+D3TeKItrw+Y/2ud4Tw0+3CxQ2kLgu3QvrogZ0OfkmX/DEppehus7L3TS2Q4lpB+hYyxhkQiYPJ6Mf5/dPg=="],

    "@rollup/rollup-linux-arm-musleabihf": ["@rollup/rollup-linux-arm-musleabihf@4.34.9", "", { "os": "linux", "cpu": "arm" }, "sha512-3qyfWljSFHi9zH0KgtEPG4cBXHDFhwD8kwg6xLfHQ0IWuH9crp005GfoUUh/6w9/FWGBwEHg3lxK1iHRN1MFlA=="],

    "@rollup/rollup-linux-arm64-gnu": ["@rollup/rollup-linux-arm64-gnu@4.34.9", "", { "os": "linux", "cpu": "arm64" }, "sha512-6TZjPHjKZUQKmVKMUowF3ewHxctrRR09eYyvT5eFv8w/fXarEra83A2mHTVJLA5xU91aCNOUnM+DWFMSbQ0Nxw=="],

    "@rollup/rollup-linux-arm64-musl": ["@rollup/rollup-linux-arm64-musl@4.34.9", "", { "os": "linux", "cpu": "arm64" }, "sha512-LD2fytxZJZ6xzOKnMbIpgzFOuIKlxVOpiMAXawsAZ2mHBPEYOnLRK5TTEsID6z4eM23DuO88X0Tq1mErHMVq0A=="],

    "@rollup/rollup-linux-loongarch64-gnu": ["@rollup/rollup-linux-loongarch64-gnu@4.34.9", "", { "os": "linux", "cpu": "none" }, "sha512-dRAgTfDsn0TE0HI6cmo13hemKpVHOEyeciGtvlBTkpx/F65kTvShtY/EVyZEIfxFkV5JJTuQ9tP5HGBS0hfxIg=="],

    "@rollup/rollup-linux-powerpc64le-gnu": ["@rollup/rollup-linux-powerpc64le-gnu@4.34.9", "", { "os": "linux", "cpu": "ppc64" }, "sha512-PHcNOAEhkoMSQtMf+rJofwisZqaU8iQ8EaSps58f5HYll9EAY5BSErCZ8qBDMVbq88h4UxaNPlbrKqfWP8RfJA=="],

    "@rollup/rollup-linux-riscv64-gnu": ["@rollup/rollup-linux-riscv64-gnu@4.34.9", "", { "os": "linux", "cpu": "none" }, "sha512-Z2i0Uy5G96KBYKjeQFKbbsB54xFOL5/y1P5wNBsbXB8yE+At3oh0DVMjQVzCJRJSfReiB2tX8T6HUFZ2k8iaKg=="],

    "@rollup/rollup-linux-s390x-gnu": ["@rollup/rollup-linux-s390x-gnu@4.34.9", "", { "os": "linux", "cpu": "s390x" }, "sha512-U+5SwTMoeYXoDzJX5dhDTxRltSrIax8KWwfaaYcynuJw8mT33W7oOgz0a+AaXtGuvhzTr2tVKh5UO8GVANTxyQ=="],

    "@rollup/rollup-linux-x64-gnu": ["@rollup/rollup-linux-x64-gnu@4.34.9", "", { "os": "linux", "cpu": "x64" }, "sha512-FwBHNSOjUTQLP4MG7y6rR6qbGw4MFeQnIBrMe161QGaQoBQLqSUEKlHIiVgF3g/mb3lxlxzJOpIBhaP+C+KP2A=="],

    "@rollup/rollup-linux-x64-musl": ["@rollup/rollup-linux-x64-musl@4.34.9", "", { "os": "linux", "cpu": "x64" }, "sha512-cYRpV4650z2I3/s6+5/LONkjIz8MBeqrk+vPXV10ORBnshpn8S32bPqQ2Utv39jCiDcO2eJTuSlPXpnvmaIgRA=="],

    "@rollup/rollup-win32-arm64-msvc": ["@rollup/rollup-win32-arm64-msvc@4.34.9", "", { "os": "win32", "cpu": "arm64" }, "sha512-z4mQK9dAN6byRA/vsSgQiPeuO63wdiDxZ9yg9iyX2QTzKuQM7T4xlBoeUP/J8uiFkqxkcWndWi+W7bXdPbt27Q=="],

    "@rollup/rollup-win32-ia32-msvc": ["@rollup/rollup-win32-ia32-msvc@4.34.9", "", { "os": "win32", "cpu": "ia32" }, "sha512-KB48mPtaoHy1AwDNkAJfHXvHp24H0ryZog28spEs0V48l3H1fr4i37tiyHsgKZJnCmvxsbATdZGBpbmxTE3a9w=="],

    "@rollup/rollup-win32-x64-msvc": ["@rollup/rollup-win32-x64-msvc@4.34.9", "", { "os": "win32", "cpu": "x64" }, "sha512-AyleYRPU7+rgkMWbEh71fQlrzRfeP6SyMnRf9XX4fCdDPAJumdSBqYEcWPMzVQ4ScAl7E4oFfK0GUVn77xSwbw=="],

    "@types/estree": ["@types/estree@1.0.6", "", {}, "sha512-AYnb1nQyY49te+VRAVgmzfcgjYS91mY5P0TKUDCLEM+gNnA+3T6rWITXRLYCpahpqSQbN5cE+gHpnPyXjHWxcw=="],

    "@types/node": ["@types/node@22.13.9", "", { "dependencies": { "undici-types": "~6.20.0" } }, "sha512-acBjXdRJ3A6Pb3tqnw9HZmyR3Fiol3aGxRCK1x3d+6CDAMjl7I649wpSd+yNURCjbOUGu9tqtLKnTGxmK6CyGw=="],

    "ansi-escapes": ["ansi-escapes@4.3.2", "", { "dependencies": { "type-fest": "^0.21.3" } }, "sha512-gKXj5ALrKWQLsYG9jlTRmR/xKluxHV+Z9QEwNIgCfM1/uwPMCuzVVnh5mwTd+OuBZcwSIMbqssNWRm1lE51QaQ=="],

    "ansi-regex": ["ansi-regex@6.1.0", "", {}, "sha512-7HSX4QQb4CspciLpVFwyRe79O3xsIZDDLER21kERQ71oaPodF8jL725AgJMFAYbooIqolJoRLuM81SpeUkpkvA=="],

    "ansi-styles": ["ansi-styles@4.3.0", "", { "dependencies": { "color-convert": "^2.0.1" } }, "sha512-zbB9rCJAT1rbjiVDb2hqKFHNYLxgtk8NURxZ3IZwD3F6NtxbXZQCnnSi1Lkx+IDohdPlFp222wVALIheZJQSEg=="],

    "chalk": ["chalk@5.4.1", "", {}, "sha512-zgVZuo2WcZgfUEmsn6eO3kINexW8RAE4maiQ8QNs8CtpPCSyMiYsULR3HQYkm3w8FIA3SberyMJMSldGsW+U3w=="],

    "chardet": ["chardet@0.7.0", "", {}, "sha512-mT8iDcrh03qDGRRmoA2hmBJnxpllMR+0/0qlzjqZES6NdiWDcZkCNAk4rPFZ9Q85r27unkiNNg8ZOiwZXBHwcA=="],

    "cli-cursor": ["cli-cursor@5.0.0", "", { "dependencies": { "restore-cursor": "^5.0.0" } }, "sha512-aCj4O5wKyszjMmDT4tZj93kxyydN/K5zPWSCe6/0AV/AA1pqe5ZBIw0a2ZfPQV7lL5/yb5HsUreJ6UFAF1tEQw=="],

    "cli-spinners": ["cli-spinners@2.9.2", "", {}, "sha512-ywqV+5MmyL4E7ybXgKys4DugZbX0FC6LnwrhjuykIjnK9k8OQacQ7axGKnjDXWNhns0xot3bZI5h55H8yo9cJg=="],

    "cli-width": ["cli-width@4.1.0", "", {}, "sha512-ouuZd4/dm2Sw5Gmqy6bGyNNNe1qt9RpmxveLSO7KcgsTnU7RXfsw+/bukWGo1abgBiMAic068rclZsO4IWmmxQ=="],

    "color-convert": ["color-convert@2.0.1", "", { "dependencies": { "color-name": "~1.1.4" } }, "sha512-RRECPsj7iu/xb5oKYcsFHSppFNnsj/52OVTRKb4zP5onXwVF3zVmmToNcOfGC+CRDpfK/U584fMg38ZHCaElKQ=="],

    "color-name": ["color-name@1.1.4", "", {}, "sha512-dOy+3AuW3a2wNbZHIuMZpTcgjGuLU/uBL/ubcZF9OXbDo8ff4O8yVp5Bf0efS8uEoYo5q4Fx7dY9OgQGXgAsQA=="],

    "csstype": ["csstype@3.1.3", "", {}, "sha512-M1uQkMl8rQK/szD0LNhtqxIPLpimGm8sOBwU7lLnCpSbTyY3yeU1Vc7l4KT5zT4s/yOxHH5O7tIuuLOCnLADRw=="],

    "dom-serializer": ["dom-serializer@2.0.0", "", { "dependencies": { "domelementtype": "^2.3.0", "domhandler": "^5.0.2", "entities": "^4.2.0" } }, "sha512-wIkAryiqt/nV5EQKqQpo3SToSOV9J0DnbJqwK7Wv/Trc92zIAYZ4FlMu+JPFW1DfGFt81ZTCGgDEabffXeLyJg=="],

    "domelementtype": ["domelementtype@2.3.0", "", {}, "sha512-OLETBj6w0OsagBwdXnPdN0cnMfF9opN69co+7ZrbfPGrdpPVNBUj02spi6B1N7wChLQiPn4CSH/zJvXw56gmHw=="],

    "domhandler": ["domhandler@5.0.3", "", { "dependencies": { "domelementtype": "^2.3.0" } }, "sha512-cgwlv/1iFQiFnU96XXgROh8xTeetsnJiDsTc7TYCLFd9+/WNkIqPTxiM/8pSd8VIrhXGTf1Ny1q1hquVqDJB5w=="],

    "domutils": ["domutils@3.2.2", "", { "dependencies": { "dom-serializer": "^2.0.0", "domelementtype": "^2.3.0", "domhandler": "^5.0.3" } }, "sha512-6kZKyUajlDuqlHKVX1w7gyslj9MPIXzIFiz/rGu35uC1wMi+kMhQwGhl4lt9unC9Vb9INnY9Z3/ZA3+FhASLaw=="],

    "emoji-regex": ["emoji-regex@10.4.0", "", {}, "sha512-EC+0oUMY1Rqm4O6LLrgjtYDvcVYTy7chDnM4Q7030tP4Kwj3u/pR6gP9ygnp2CJMK5Gq+9Q2oqmrFJAz01DXjw=="],

    "entities": ["entities@6.0.0", "", {}, "sha512-aKstq2TDOndCn4diEyp9Uq/Flu2i1GlLkc6XIDQSDMuaFE3OPW5OphLCyQ5SpSJZTb4reN+kTcYru5yIfXoRPw=="],

    "esbuild": ["esbuild@0.21.5", "", { "optionalDependencies": { "@esbuild/aix-ppc64": "0.21.5", "@esbuild/android-arm": "0.21.5", "@esbuild/android-arm64": "0.21.5", "@esbuild/android-x64": "0.21.5", "@esbuild/darwin-arm64": "0.21.5", "@esbuild/darwin-x64": "0.21.5", "@esbuild/freebsd-arm64": "0.21.5", "@esbuild/freebsd-x64": "0.21.5", "@esbuild/linux-arm": "0.21.5", "@esbuild/linux-arm64": "0.21.5", "@esbuild/linux-ia32": "0.21.5", "@esbuild/linux-loong64": "0.21.5", "@esbuild/linux-mips64el": "0.21.5", "@esbuild/linux-ppc64": "0.21.5", "@esbuild/linux-riscv64": "0.21.5", "@esbuild/linux-s390x": "0.21.5", "@esbuild/linux-x64": "0.21.5", "@esbuild/netbsd-x64": "0.21.5", "@esbuild/openbsd-x64": "0.21.5", "@esbuild/sunos-x64": "0.21.5", "@esbuild/win32-arm64": "0.21.5", "@esbuild/win32-ia32": "0.21.5", "@esbuild/win32-x64": "0.21.5" }, "bin": { "esbuild": "bin/esbuild" } }, "sha512-mg3OPMV4hXywwpoDxu3Qda5xCKQi+vCTZq8S9J/EpkhB2HzKXq4SNFZE3+NK93JYxc8VMSep+lOUSC/RVKaBqw=="],

    "external-editor": ["external-editor@3.1.0", "", { "dependencies": { "chardet": "^0.7.0", "iconv-lite": "^0.4.24", "tmp": "^0.0.33" } }, "sha512-hMQ4CX1p1izmuLYyZqLMO/qGNw10wSv9QDCPfzXfyFrOaCSSoRfqE1Kf1s5an66J5JZC62NewG+mK49jOCtQew=="],

    "fsevents": ["fsevents@2.3.3", "", { "os": "darwin" }, "sha512-5xoDfX+fL7faATnagmWPpbFtwh/R77WmMMqqHGS65C3vvB0YHrgF+B1YmZ3441tMj5n63k0212XNoJwzlhffQw=="],

    "get-east-asian-width": ["get-east-asian-width@1.3.0", "", {}, "sha512-vpeMIQKxczTD/0s2CdEWHcb0eeJe6TFjxb+J5xgX7hScxqrGuyjmv4c1D4A/gelKfyox0gJJwIHF+fLjeaM8kQ=="],

    "htmlparser2": ["htmlparser2@10.0.0", "", { "dependencies": { "domelementtype": "^2.3.0", "domhandler": "^5.0.3", "domutils": "^3.2.1", "entities": "^6.0.0" } }, "sha512-TwAZM+zE5Tq3lrEHvOlvwgj1XLWQCtaaibSN11Q+gGBAS7Y1uZSWwXXRe4iF6OXnaq1riyQAPFOBtYc77Mxq0g=="],

    "iconv-lite": ["iconv-lite@0.4.24", "", { "dependencies": { "safer-buffer": ">= 2.1.2 < 3" } }, "sha512-v3MXnZAcvnywkTUEZomIActle7RXXeedOR31wwl7VlyoXO4Qi9arvSenNQWne1TcRwhCL1HwLI21bEqdpj8/rA=="],

    "inquirer": ["inquirer@12.4.2", "", { "dependencies": { "@inquirer/core": "^10.1.7", "@inquirer/prompts": "^7.3.2", "@inquirer/type": "^3.0.4", "ansi-escapes": "^4.3.2", "mute-stream": "^2.0.0", "run-async": "^3.0.0", "rxjs": "^7.8.1" }, "peerDependencies": { "@types/node": ">=18" }, "optionalPeers": ["@types/node"] }, "sha512-reyjHcwyK2LObXgTJH4T1Dpfhwu88LNPTZmg/KenmTsy3T8lN/kZT8Oo7UwwkB9q8+ss2qjjN7GV8oFAfyz9Xg=="],

    "is-fullwidth-code-point": ["is-fullwidth-code-point@3.0.0", "", {}, "sha512-zymm5+u+sCsSWyD9qNaejV3DFvhCKclKdizYaJUuHA83RLjb7nSuGnddCHGv0hk+KY7BMAlsWeK4Ueg6EV6XQg=="],

    "is-interactive": ["is-interactive@2.0.0", "", {}, "sha512-qP1vozQRI+BMOPcjFzrjXuQvdak2pHNUMZoeG2eRbiSqyvbEf/wQtEOTOX1guk6E3t36RkaqiSt8A/6YElNxLQ=="],

    "is-unicode-supported": ["is-unicode-supported@2.1.0", "", {}, "sha512-mE00Gnza5EEB3Ds0HfMyllZzbBrmLOX3vfWoj9A9PEnTfratQ/BcaJOuMhnkhjXvb2+FkY3VuHqtAGpTPmglFQ=="],

    "log-symbols": ["log-symbols@6.0.0", "", { "dependencies": { "chalk": "^5.3.0", "is-unicode-supported": "^1.3.0" } }, "sha512-i24m8rpwhmPIS4zscNzK6MSEhk0DUWa/8iYQWxhffV8jkI4Phvs3F+quL5xvS0gdQR0FyTCMMH33Y78dDTzzIw=="],

    "mimic-function": ["mimic-function@5.0.1", "", {}, "sha512-VP79XUPxV2CigYP3jWwAUFSku2aKqBH7uTAapFWCBqutsbmDo96KY5o8uh6U+/YSIn5OxJnXp73beVkpqMIGhA=="],

    "mute-stream": ["mute-stream@2.0.0", "", {}, "sha512-WWdIxpyjEn+FhQJQQv9aQAYlHoNVdzIzUySNV1gHUPDSdZJ3yZn7pAAbQcV7B56Mvu881q9FZV+0Vx2xC44VWA=="],

    "nanoid": ["nanoid@3.3.9", "", { "bin": { "nanoid": "bin/nanoid.cjs" } }, "sha512-SppoicMGpZvbF1l3z4x7No3OlIjP7QJvC9XR7AhZr1kL133KHnKPztkKDc+Ir4aJ/1VhTySrtKhrsycmrMQfvg=="],

    "onetime": ["onetime@7.0.0", "", { "dependencies": { "mimic-function": "^5.0.0" } }, "sha512-VXJjc87FScF88uafS3JllDgvAm+c/Slfz06lorj2uAY34rlUu0Nt+v8wreiImcrgAjjIHp1rXpTDlLOGw29WwQ=="],

    "ora": ["ora@8.2.0", "", { "dependencies": { "chalk": "^5.3.0", "cli-cursor": "^5.0.0", "cli-spinners": "^2.9.2", "is-interactive": "^2.0.0", "is-unicode-supported": "^2.0.0", "log-symbols": "^6.0.0", "stdin-discarder": "^0.2.2", "string-width": "^7.2.0", "strip-ansi": "^7.1.0" } }, "sha512-weP+BZ8MVNnlCm8c0Qdc1WSWq4Qn7I+9CJGm7Qali6g44e/PUzbjNqJX5NJ9ljlNMosfJvg1fKEGILklK9cwnw=="],

    "os-tmpdir": ["os-tmpdir@1.0.2", "", {}, "sha512-D2FR03Vir7FIu45XBY20mTb+/ZSWB00sjU9jdQXt83gDrI4Ztz5Fs7/yy74g2N5SVQY4xY1qDr4rNddwYRVX0g=="],

    "picocolors": ["picocolors@1.1.1", "", {}, "sha512-xceH2snhtb5M9liqDsmEw56le376mTZkEX/jEb/RxNFyegNul7eNslCXP9FDj/Lcu0X8KEyMceP2ntpaHrDEVA=="],

    "postcss": ["postcss@8.5.3", "", { "dependencies": { "nanoid": "^3.3.8", "picocolors": "^1.1.1", "source-map-js": "^1.2.1" } }, "sha512-dle9A3yYxlBSrt8Fu+IpjGT8SY8hN0mlaA6GY8t0P5PjIOZemULz/E2Bnm/2dcUOena75OTNkHI76uZBNUUq3A=="],

    "restore-cursor": ["restore-cursor@5.1.0", "", { "dependencies": { "onetime": "^7.0.0", "signal-exit": "^4.1.0" } }, "sha512-oMA2dcrw6u0YfxJQXm342bFKX/E4sG9rbTzO9ptUcR/e8A33cHuvStiYOwH7fszkZlZ1z/ta9AAoPk2F4qIOHA=="],

    "rollup": ["rollup@4.34.9", "", { "dependencies": { "@types/estree": "1.0.6" }, "optionalDependencies": { "@rollup/rollup-android-arm-eabi": "4.34.9", "@rollup/rollup-android-arm64": "4.34.9", "@rollup/rollup-darwin-arm64": "4.34.9", "@rollup/rollup-darwin-x64": "4.34.9", "@rollup/rollup-freebsd-arm64": "4.34.9", "@rollup/rollup-freebsd-x64": "4.34.9", "@rollup/rollup-linux-arm-gnueabihf": "4.34.9", "@rollup/rollup-linux-arm-musleabihf": "4.34.9", "@rollup/rollup-linux-arm64-gnu": "4.34.9", "@rollup/rollup-linux-arm64-musl": "4.34.9", "@rollup/rollup-linux-loongarch64-gnu": "4.34.9", "@rollup/rollup-linux-powerpc64le-gnu": "4.34.9", "@rollup/rollup-linux-riscv64-gnu": "4.34.9", "@rollup/rollup-linux-s390x-gnu": "4.34.9", "@rollup/rollup-linux-x64-gnu": "4.34.9", "@rollup/rollup-linux-x64-musl": "4.34.9", "@rollup/rollup-win32-arm64-msvc": "4.34.9", "@rollup/rollup-win32-ia32-msvc": "4.34.9", "@rollup/rollup-win32-x64-msvc": "4.34.9", "fsevents": "~2.3.2" }, "bin": { "rollup": "dist/bin/rollup" } }, "sha512-nF5XYqWWp9hx/LrpC8sZvvvmq0TeTjQgaZHYmAgwysT9nh8sWnZhBnM8ZyVbbJFIQBLwHDNoMqsBZBbUo4U8sQ=="],

    "run-async": ["run-async@3.0.0", "", {}, "sha512-540WwVDOMxA6dN6We19EcT9sc3hkXPw5mzRNGM3FkdN/vtE9NFvj5lFAPNwUDmJjXidm3v7TC1cTE7t17Ulm1Q=="],

    "rxjs": ["rxjs@7.8.2", "", { "dependencies": { "tslib": "^2.1.0" } }, "sha512-dhKf903U/PQZY6boNNtAGdWbG85WAbjT/1xYoZIC7FAY0yWapOBQVsVrDl58W86//e1VpMNBtRV4MaXfdMySFA=="],

    "safer-buffer": ["safer-buffer@2.1.2", "", {}, "sha512-YZo3K82SD7Riyi0E1EQPojLz7kpepnSQI9IyPbHHg1XXXevb5dJI7tpyN2ADxGcQbHG7vcyRHk0cbwqcQriUtg=="],

    "semver": ["semver@7.7.1", "", { "bin": { "semver": "bin/semver.js" } }, "sha512-hlq8tAfn0m/61p4BVRcPzIGr6LKiMwo4VM6dGi6pt4qcRkmNzTcWq6eCEjEh+qXjkMDvPlOFFSGwQjoEa6gyMA=="],

    "signal-exit": ["signal-exit@4.1.0", "", {}, "sha512-bzyZ1e88w9O1iNJbKnOlvYTrWPDl46O1bG0D3XInv+9tkPrxrN8jUUTiFlDkkmKWgn1M6CfIA13SuGqOa9Korw=="],

    "source-map-js": ["source-map-js@1.2.1", "", {}, "sha512-UXWMKhLOwVKb728IUtQPXxfYU+usdybtUrK/8uGE8CQMvrhOpwvzDBwj0QhSL7MQc7vIsISBG8VQ8+IDQxpfQA=="],

    "stdin-discarder": ["stdin-discarder@0.2.2", "", {}, "sha512-UhDfHmA92YAlNnCfhmq0VeNL5bDbiZGg7sZ2IvPsXubGkiNa9EC+tUTsjBRsYUAz87btI6/1wf4XoVvQ3uRnmQ=="],

    "string-width": ["string-width@7.2.0", "", { "dependencies": { "emoji-regex": "^10.3.0", "get-east-asian-width": "^1.0.0", "strip-ansi": "^7.1.0" } }, "sha512-tsaTIkKW9b4N+AEj+SVA+WhJzV7/zMhcSu78mLKWSk7cXMOSHsBKFWUs0fWwq8QyK3MgJBQRX6Gbi4kYbdvGkQ=="],

    "strip-ansi": ["strip-ansi@7.1.0", "", { "dependencies": { "ansi-regex": "^6.0.1" } }, "sha512-iq6eVVI64nQQTRYq2KtEg2d2uU7LElhTJwsH4YzIHZshxlgZms/wIc4VoDQTlG/IvVIrBKG06CrZnp0qv7hkcQ=="],

    "tmp": ["tmp@0.0.33", "", { "dependencies": { "os-tmpdir": "~1.0.2" } }, "sha512-jRCJlojKnZ3addtTOjdIqoRuPEKBvNXcGYqzO6zWZX8KfKEpnGY5jfggJQ3EjKuu8D4bJRr0y+cYJFmYbImXGw=="],

    "tslib": ["tslib@2.8.1", "", {}, "sha512-oJFu94HQb+KVduSUQL7wnpmqnfmLsOA/nAh6b6EH0wCEoK0/mPeXU6c3wKDV83MkOuHPRHtSXKKU99IBazS/2w=="],

    "type-fest": ["type-fest@0.21.3", "", {}, "sha512-t0rzBq87m3fVcduHDUFhKmyyX+9eo6WQjZvf51Ea/M0Q7+T374Jp1aUiyUl0GKxp8M/OETVHSDvmkyPgvX+X2w=="],

    "typescript": ["typescript@5.8.2", "", { "bin": { "tsc": "bin/tsc", "tsserver": "bin/tsserver" } }, "sha512-aJn6wq13/afZp/jT9QZmwEjDqqvSGp1VT5GVg+f/t6/oVyrgXM6BY1h9BRh/O5p3PlUPAe+WuiEZOmb/49RqoQ=="],

    "undici-types": ["undici-types@6.20.0", "", {}, "sha512-Ny6QZ2Nju20vw1SRHe3d9jVu6gJ+4e3+MMpqu7pqE5HT6WsTSlce++GQmK5UXS8mzV8DSYHrQH+Xrf2jVcuKNg=="],

    "vite": ["vite@5.4.14", "", { "dependencies": { "esbuild": "^0.21.3", "postcss": "^8.4.43", "rollup": "^4.20.0" }, "optionalDependencies": { "fsevents": "~2.3.3" }, "peerDependencies": { "@types/node": "^18.0.0 || >=20.0.0", "less": "*", "lightningcss": "^1.21.0", "sass": "*", "sass-embedded": "*", "stylus": "*", "sugarss": "*", "terser": "^5.4.0" }, "optionalPeers": ["@types/node", "less", "lightningcss", "sass", "sass-embedded", "stylus", "sugarss", "terser"], "bin": { "vite": "bin/vite.js" } }, "sha512-EK5cY7Q1D8JNhSaPKVK4pwBFvaTmZxEnoKXLG/U9gmdDcihQGNzFlgIvaxezFR4glP1LsuiedwMBqCXH3wZccA=="],

    "wrap-ansi": ["wrap-ansi@6.2.0", "", { "dependencies": { "ansi-styles": "^4.0.0", "string-width": "^4.1.0", "strip-ansi": "^6.0.0" } }, "sha512-r6lPcBGxZXlIcymEu7InxDMhdW0KDxpLgoFLcguasxCaJ/SOIZwINatK9KY/tf+ZrlywOKU0UDj3ATXUBfxJXA=="],

    "yoctocolors-cjs": ["yoctocolors-cjs@2.1.2", "", {}, "sha512-cYVsTjKl8b+FrnidjibDWskAv7UKOfcwaVZdp/it9n1s9fU3IkgDbhdIRKCW4JDsAlECJY0ytoVPT3sK6kideA=="],

    "dom-serializer/entities": ["entities@4.5.0", "", {}, "sha512-V0hjH4dGPh9Ao5p0MoRY6BVqtwCjhz6vI5LT8AJ55H+4g9/4vbHx1I54fS0XuclLhDHArPQCiMjDxjaL8fPxhw=="],

    "log-symbols/is-unicode-supported": ["is-unicode-supported@1.3.0", "", {}, "sha512-43r2mRvz+8JRIKnWJ+3j8JtjRKZ6GmjzfaE/qiBJnikNnYv/6bagRJ1kUhNk8R5EX/GkobD+r+sfxCPJsiKBLQ=="],

    "wrap-ansi/string-width": ["string-width@4.2.3", "", { "dependencies": { "emoji-regex": "^8.0.0", "is-fullwidth-code-point": "^3.0.0", "strip-ansi": "^6.0.1" } }, "sha512-wKyQRQpjJ0sIp62ErSZdGsjMJWsap5oRNihHhu6G7JVO/9jIB6UyevL+tXuOqrng8j/cxKTWyWUwvSTriiZz/g=="],

    "wrap-ansi/strip-ansi": ["strip-ansi@6.0.1", "", { "dependencies": { "ansi-regex": "^5.0.1" } }, "sha512-Y38VPSHcqkFrCpFnQ9vuSXmquuv5oXOKpGeT6aGrr3o3Gc9AlVa6JBfUSOCnbxGGZF+/0ooI7KrPuUSztUdU5A=="],

    "wrap-ansi/string-width/emoji-regex": ["emoji-regex@8.0.0", "", {}, "sha512-MSjYzcWNOA0ewAHpz0MxpYFvwg6yjy1NG3xteoqz644VCo/RPgnr1/GGt+ic3iJTzQ8Eu3TdM14SawnVUmGE6A=="],

    "wrap-ansi/strip-ansi/ansi-regex": ["ansi-regex@5.0.1", "", {}, "sha512-quJQXlTSUGL2LH9SUXo8VwsY4soanhgo6LNSm84E1LBcE8s3O0wpdiRzyR9z/ZZJMlMWv37qOOb9pdJlMUEKFQ=="],
  }
}
